
Microsoft Visual Studio Solution File, Format Version 12.00
# Visual Studio Version 17
VisualStudioVersion = 17.9.34728.123
MinimumVisualStudioVersion = 10.0.40219.1
Project("{FAE04EC0-301F-11D3-BF4B-00C04F79EFBC}") = "FMT_Logic", "FMT\FMT_Logic.csproj", "{082774F8-1B82-43C1-9CED-9C9DE1878D98}"
EndProject
Project("{FAE04EC0-301F-11D3-BF4B-00C04F79EFBC}") = "FMT_WinForms", "FMT_WinForms\FMT_WinForms.csproj", "{8B189FCD-BB5D-4F54-BCC6-94A08826F49B}"
EndProject
Global
	GlobalSection(SolutionConfigurationPlatforms) = preSolution
		Debug|Any CPU = Debug|Any CPU
		Release|Any CPU = Release|Any CPU
	EndGlobalSection
	GlobalSection(ProjectConfigurationPlatforms) = postSolution
		{082774F8-1B82-43C1-9CED-9C9DE1878D98}.Debug|Any CPU.ActiveCfg = Debug|Any CPU
		{082774F8-1B82-43C1-9CED-9C9DE1878D98}.Debug|Any CPU.Build.0 = Debug|Any CPU
		{082774F8-1B82-43C1-9CED-9C9DE1878D98}.Release|Any CPU.ActiveCfg = Release|Any CPU
		{082774F8-1B82-43C1-9CED-9C9DE1878D98}.Release|Any CPU.Build.0 = Release|Any CPU
		{8B189FCD-BB5D-4F54-BCC6-94A08826F49B}.Debug|Any CPU.ActiveCfg = Debug|Any CPU
		{8B189FCD-BB5D-4F54-BCC6-94A08826F49B}.Debug|Any CPU.Build.0 = Debug|Any CPU
		{8B189FCD-BB5D-4F54-BCC6-94A08826F49B}.Release|Any CPU.ActiveCfg = Release|Any CPU
		{8B189FCD-BB5D-4F54-BCC6-94A08826F49B}.Release|Any CPU.Build.0 = Release|Any CPU
	EndGlobalSection
	GlobalSection(SolutionProperties) = preSolution
		HideSolutionNode = FALSE
	EndGlobalSection
	GlobalSection(ExtensibilityGlobals) = postSolution
		SolutionGuid = {3D39C9E5-2DE5-408B-BEBC-7CD7A695085D}
	EndGlobalSection
EndGlobal
